
Microsoft Visual Studio Solution File, Format Version 12.00
# Visual Studio Version 16
VisualStudioVersion = 25.0.1706.6
MinimumVisualStudioVersion = 10.0.40219.1
Project("{FAE04EC0-301F-11D3-BF4B-00C04F79EFBC}") = "VecDil", "VecDil\VecDil.csproj", "{BA04F09A-8E45-4DA7-9903-FFFCA611723A}"
EndProject
Global
	GlobalSection(SolutionConfigurationPlatforms) = preSolution
		Debug|Any CPU = Debug|Any CPU
		Release|Any CPU = Release|Any CPU
	EndGlobalSection
	GlobalSection(ProjectConfigurationPlatforms) = postSolution
		{BA04F09A-8E45-4DA7-9903-FFFCA611723A}.Debug|Any CPU.ActiveCfg = Debug|Any CPU
		{BA04F09A-8E45-4DA7-9903-FFFCA611723A}.Debug|Any CPU.Build.0 = Debug|Any CPU
		{BA04F09A-8E45-4DA7-9903-FFFCA611723A}.Release|Any CPU.ActiveCfg = Release|Any CPU
		{BA04F09A-8E45-4DA7-9903-FFFCA611723A}.Release|Any CPU.Build.0 = Release|Any CPU
	EndGlobalSection
	GlobalSection(SolutionProperties) = preSolution
		HideSolutionNode = FALSE
	EndGlobalSection
	GlobalSection(ExtensibilityGlobals) = postSolution
		SolutionGuid = {7B0F7172-5584-4CB2-89C0-732C2B37519E}
	EndGlobalSection
EndGlobal
